// !$*UTF8*$!
{
	archiveVersion = 1;
	classes = {
	};
	objectVersion = 46;
	objects = {

/* Begin PBXBuildFile section */
		347E9CA81CC427B9004DC999 /* AppDelegate.swift in Sources */ = {isa = PBXBuildFile; fileRef = 347E9CA71CC427B9004DC999 /* AppDelegate.swift */; };
		347E9CAA1CC427B9004DC999 /* ViewController.swift in Sources */ = {isa = PBXBuildFile; fileRef = 347E9CA91CC427B9004DC999 /* ViewController.swift */; };
		347E9CAD1CC427B9004DC999 /* Main.storyboard in Resources */ = {isa = PBXBuildFile; fileRef = 347E9CAB1CC427B9004DC999 /* Main.storyboard */; };
		347E9CAF1CC427B9004DC999 /* Assets.xcassets in Resources */ = {isa = PBXBuildFile; fileRef = 347E9CAE1CC427B9004DC999 /* Assets.xcassets */; };
		347E9CB21CC427B9004DC999 /* LaunchScreen.storyboard in Resources */ = {isa = PBXBuildFile; fileRef = 347E9CB01CC427B9004DC999 /* LaunchScreen.storyboard */; };
		347E9CBB1CC5E834004DC999 /* MemeMeTextFieldDelegate.swift in Sources */ = {isa = PBXBuildFile; fileRef = 347E9CBA1CC5E834004DC999 /* MemeMeTextFieldDelegate.swift */; };
/* End PBXBuildFile section */

/* Begin PBXFileReference section */
		347E9CA41CC427B9004DC999 /* Meme Me.app */ = {isa = PBXFileReference; explicitFileType = wrapper.application; includeInIndex = 0; path = "Meme Me.app"; sourceTree = BUILT_PRODUCTS_DIR; };
		347E9CA71CC427B9004DC999 /* AppDelegate.swift */ = {isa = PBXFileReference; lastKnownFileType = sourcecode.swift; path = AppDelegate.swift; sourceTree = "<group>"; };
		347E9CA91CC427B9004DC999 /* ViewController.swift */ = {isa = PBXFileReference; lastKnownFileType = sourcecode.swift; path = ViewController.swift; sourceTree = "<group>"; };
		347E9CAC1CC427B9004DC999 /* Base */ = {isa = PBXFileReference; lastKnownFileType = file.storyboard; name = Base; path = Base.lproj/Main.storyboard; sourceTree = "<group>"; };
		347E9CAE1CC427B9004DC999 /* Assets.xcassets */ = {isa = PBXFileReference; lastKnownFileType = folder.assetcatalog; path = Assets.xcassets; sourceTree = "<group>"; };
		347E9CB11CC427B9004DC999 /* Base */ = {isa = PBXFileReference; lastKnownFileType = file.storyboard; name = Base; path = Base.lproj/LaunchScreen.storyboard; sourceTree = "<group>"; };
		347E9CB31CC427B9004DC999 /* Info.plist */ = {isa = PBXFileReference; lastKnownFileType = text.plist.xml; path = Info.plist; sourceTree = "<group>"; };
		347E9CBA1CC5E834004DC999 /* MemeMeTextFieldDelegate.swift */ = {isa = PBXFileReference; fileEncoding = 4; lastKnownFileType = sourcecode.swift; path = MemeMeTextFieldDelegate.swift; sourceTree = "<group>"; };
/* End PBXFileReference section */

/* Begin PBXFrameworksBuildPhase section */
		347E9CA11CC427B9004DC999 /* Frameworks */ = {
			isa = PBXFrameworksBuildPhase;
			buildActionMask = 2147483647;
			files = (
			);
			runOnlyForDeploymentPostprocessing = 0;
		};
/* End PBXFrameworksBuildPhase section */

/* Begin PBXGroup section */
		347E9C9B1CC427B9004DC999 = {
			isa = PBXGroup;
			children = (
				347E9CA61CC427B9004DC999 /* Meme Me */,
				347E9CA51CC427B9004DC999 /* Products */,
			);
			sourceTree = "<group>";
		};
		347E9CA51CC427B9004DC999 /* Products */ = {
			isa = PBXGroup;
			children = (
				347E9CA41CC427B9004DC999 /* Meme Me.app */,
			);
			name = Products;
			sourceTree = "<group>";
		};
		347E9CA61CC427B9004DC999 /* Meme Me */ = {
			isa = PBXGroup;
			children = (
				347E9CB91CC5E808004DC999 /* Text Field Delegates */,
				347E9CA71CC427B9004DC999 /* AppDelegate.swift */,
				347E9CA91CC427B9004DC999 /* ViewController.swift */,
				347E9CAB1CC427B9004DC999 /* Main.storyboard */,
				347E9CAE1CC427B9004DC999 /* Assets.xcassets */,
				347E9CB01CC427B9004DC999 /* LaunchScreen.storyboard */,
				347E9CB31CC427B9004DC999 /* Info.plist */,
			);
			path = "Meme Me";
			sourceTree = "<group>";
		};
		347E9CB91CC5E808004DC999 /* Text Field Delegates */ = {
			isa = PBXGroup;
			children = (
				347E9CBA1CC5E834004DC999 /* MemeMeTextFieldDelegate.swift */,
			);
			name = "Text Field Delegates";
			sourceTree = "<group>";
		};
/* End PBXGroup section */

/* Begin PBXNativeTarget section */
		347E9CA31CC427B9004DC999 /* Meme Me */ = {
			isa = PBXNativeTarget;
			buildConfigurationList = 347E9CB61CC427B9004DC999 /* Build configuration list for PBXNativeTarget "Meme Me" */;
			buildPhases = (
				347E9CA01CC427B9004DC999 /* Sources */,
				347E9CA11CC427B9004DC999 /* Frameworks */,
				347E9CA21CC427B9004DC999 /* Resources */,
			);
			buildRules = (
			);
			dependencies = (
			);
			name = "Meme Me";
			productName = "Meme Me";
			productReference = 347E9CA41CC427B9004DC999 /* Meme Me.app */;
			productType = "com.apple.product-type.application";
		};
/* End PBXNativeTarget section */

/* Begin PBXProject section */
		347E9C9C1CC427B9004DC999 /* Project object */ = {
			isa = PBXProject;
			attributes = {
				LastSwiftUpdateCheck = 0730;
				LastUpgradeCheck = 0730;
				ORGANIZATIONNAME = "Compete Co-op Networks";
				TargetAttributes = {
					347E9CA31CC427B9004DC999 = {
						CreatedOnToolsVersion = 7.3;
					};
				};
			};
			buildConfigurationList = 347E9C9F1CC427B9004DC999 /* Build configuration list for PBXProject "Meme Me" */;
			compatibilityVersion = "Xcode 3.2";
			developmentRegion = English;
			hasScannedForEncodings = 0;
			knownRegions = (
				en,
				Base,
			);
			mainGroup = 347E9C9B1CC427B9004DC999;
			productRefGroup = 347E9CA51CC427B9004DC999 /* Products */;
			projectDirPath = "";
			projectRoot = "";
			targets = (
				347E9CA31CC427B9004DC999 /* Meme Me */,
			);
		};
/* End PBXProject section */

/* Begin PBXResourcesBuildPhase section */
		347E9CA21CC427B9004DC999 /* Resources */ = {
			isa = PBXResourcesBuildPhase;
			buildActionMask = 2147483647;
			files = (
				347E9CB21CC427B9004DC999 /* LaunchScreen.storyboard in Resources */,
				347E9CAF1CC427B9004DC999 /* Assets.xcassets in Resources */,
				347E9CAD1CC427B9004DC999 /* Main.storyboard in Resources */,
			);
			runOnlyForDeploymentPostprocessing = 0;
		};
/* End PBXResourcesBuildPhase section */

/* Begin PBXSourcesBuildPhase section */
		347E9CA01CC427B9004DC999 /* Sources */ = {
			isa = PBXSourcesBuildPhase;
			buildActionMask = 2147483647;
			files = (
				347E9CAA1CC427B9004DC999 /* ViewController.swift in Sources */,
				347E9CBB1CC5E834004DC999 /* MemeMeTextFieldDelegate.swift in Sources */,
				347E9CA81CC427B9004DC999 /* AppDelegate.swift in Sources */,
			);
			runOnlyForDeploymentPostprocessing = 0;
		};
/* End PBXSourcesBuildPhase section */

/* Begin PBXVariantGroup section */
		347E9CAB1CC427B9004DC999 /* Main.storyboard */ = {
			isa = PBXVariantGroup;
			children = (
				347E9CAC1CC427B9004DC999 /* Base */,
			);
			name = Main.storyboard;
			sourceTree = "<group>";
		};
		347E9CB01CC427B9004DC999 /* LaunchScreen.storyboard */ = {
			isa = PBXVariantGroup;
			children = (
				347E9CB11CC427B9004DC999 /* Base */,
			);
			name = LaunchScreen.storyboard;
			sourceTree = "<group>";
		};
/* End PBXVariantGroup section */

/* Begin XCBuildConfiguration section */
		347E9CB41CC427B9004DC999 /* Debug */ = {
			isa = XCBuildConfiguration;
			buildSettings = {
				ALWAYS_SEARCH_USER_PATHS = NO;
				CLANG_ANALYZER_NONNULL = YES;
				CLANG_CXX_LANGUAGE_STANDARD = "gnu++0x";
				CLANG_CXX_LIBRARY = "libc++";
				CLANG_ENABLE_MODULES = YES;
				CLANG_ENABLE_OBJC_ARC = YES;
				CLANG_WARN_BOOL_CONVERSION = YES;
				CLANG_WARN_CONSTANT_CONVERSION = YES;
				CLANG_WARN_DIRECT_OBJC_ISA_USAGE = YES_ERROR;
				CLANG_WARN_EMPTY_BODY = YES;
				CLANG_WARN_ENUM_CONVERSION = YES;
				CLANG_WARN_INT_CONVERSION = YES;
				CLANG_WARN_OBJC_ROOT_CLASS = YES_ERROR;
				CLANG_WARN_UNREACHABLE_CODE = YES;
				CLANG_WARN__DUPLICATE_METHOD_MATCH = YES;
				"CODE_SIGN_IDENTITY[sdk=iphoneos*]" = "iPhone Developer";
				COPY_PHASE_STRIP = NO;
				DEBUG_INFORMATION_FORMAT = dwarf;
				ENABLE_STRICT_OBJC_MSGSEND = YES;
				ENABLE_TESTABILITY = YES;
				GCC_C_LANGUAGE_STANDARD = gnu99;
				GCC_DYNAMIC_NO_PIC = NO;
				GCC_NO_COMMON_BLOCKS = YES;
				GCC_OPTIMIZATION_LEVEL = 0;
				GCC_PREPROCESSOR_DEFINITIONS = (
					"DEBUG=1",
					"$(inherited)",
				);
				GCC_WARN_64_TO_32_BIT_CONVERSION = YES;
				GCC_WARN_ABOUT_RETURN_TYPE = YES_ERROR;
				GCC_WARN_UNDECLARED_SELECTOR = YES;
				GCC_WARN_UNINITIALIZED_AUTOS = YES_AGGRESSIVE;
				GCC_WARN_UNUSED_FUNCTION = YES;
				GCC_WARN_UNUSED_VARIABLE = YES;
				IPHONEOS_DEPLOYMENT_TARGET = 9.3;
				MTL_ENABLE_DEBUG_INFO = YES;
				ONLY_ACTIVE_ARCH = YES;
				SDKROOT = iphoneos;
				SWIFT_OPTIMIZATION_LEVEL = "-Onone";
			};
			name = Debug;
		};
		347E9CB51CC427B9004DC999 /* Release */ = {
			isa = XCBuildConfiguration;
			buildSettings = {
				ALWAYS_SEARCH_USER_PATHS = NO;
				CLANG_ANALYZER_NONNULL = YES;
				CLANG_CXX_LANGUAGE_STANDARD = "gnu++0x";
				CLANG_CXX_LIBRARY = "libc++";
				CLANG_ENABLE_MODULES = YES;
				CLANG_ENABLE_OBJC_ARC = YES;
				CLANG_WARN_BOOL_CONVERSION = YES;
				CLANG_WARN_CONSTANT_CONVERSION = YES;
				CLANG_WARN_DIRECT_OBJC_ISA_USAGE = YES_ERROR;
				CLANG_WARN_EMPTY_BODY = YES;
				CLANG_WARN_ENUM_CONVERSION = YES;
				CLANG_WARN_INT_CONVERSION = YES;
				CLANG_WARN_OBJC_ROOT_CLASS = YES_ERROR;
				CLANG_WARN_UNREACHABLE_CODE = YES;
				CLANG_WARN__DUPLICATE_METHOD_MATCH = YES;
				"CODE_SIGN_IDENTITY[sdk=iphoneos*]" = "iPhone Developer";
				COPY_PHASE_STRIP = NO;
				DEBUG_INFORMATION_FORMAT = "dwarf-with-dsym";
				ENABLE_NS_ASSERTIONS = NO;
				ENABLE_STRICT_OBJC_MSGSEND = YES;
				GCC_C_LANGUAGE_STANDARD = gnu99;
				GCC_NO_COMMON_BLOCKS = YES;
				GCC_WARN_64_TO_32_BIT_CONVERSION = YES;
				GCC_WARN_ABOUT_RETURN_TYPE = YES_ERROR;
				GCC_WARN_UNDECLARED_SELECTOR = YES;
				GCC_WARN_UNINITIALIZED_AUTOS = YES_AGGRESSIVE;
				GCC_WARN_UNUSED_FUNCTION = YES;
				GCC_WARN_UNUSED_VARIABLE = YES;
				IPHONEOS_DEPLOYMENT_TARGET = 9.3;
				MTL_ENABLE_DEBUG_INFO = NO;
				SDKROOT = iphoneos;
				VALIDATE_PRODUCT = YES;
			};
			name = Release;
		};
		347E9CB71CC427B9004DC999 /* Debug */ = {
			isa = XCBuildConfiguration;
			buildSettings = {
				ASSETCATALOG_COMPILER_APPICON_NAME = AppIcon;
				INFOPLIST_FILE = "Meme Me/Info.plist";
				LD_RUNPATH_SEARCH_PATHS = "$(inherited) @executable_path/Frameworks";
				PRODUCT_BUNDLE_IDENTIFIER = "com.competecoop.Meme-Me";
				PRODUCT_NAME = "$(TARGET_NAME)";
			};
			name = Debug;
		};
		347E9CB81CC427B9004DC999 /* Release */ = {
			isa = XCBuildConfiguration;
			buildSettings = {
				ASSETCATALOG_COMPILER_APPICON_NAME = AppIcon;
				INFOPLIST_FILE = "Meme Me/Info.plist";
				LD_RUNPATH_SEARCH_PATHS = "$(inherited) @executable_path/Frameworks";
				PRODUCT_BUNDLE_IDENTIFIER = "com.competecoop.Meme-Me";
				PRODUCT_NAME = "$(TARGET_NAME)";
			};
			name = Release;
		};
/* End XCBuildConfiguration section */

/* Begin XCConfigurationList section */
		347E9C9F1CC427B9004DC999 /* Build configuration list for PBXProject "Meme Me" */ = {
			isa = XCConfigurationList;
			buildConfigurations = (
				347E9CB41CC427B9004DC999 /* Debug */,
				347E9CB51CC427B9004DC999 /* Release */,
			);
			defaultConfigurationIsVisible = 0;
			defaultConfigurationName = Release;
		};
		347E9CB61CC427B9004DC999 /* Build configuration list for PBXNativeTarget "Meme Me" */ = {
			isa = XCConfigurationList;
			buildConfigurations = (
				347E9CB71CC427B9004DC999 /* Debug */,
				347E9CB81CC427B9004DC999 /* Release */,
			);
			defaultConfigurationIsVisible = 0;
		};
/* End XCConfigurationList section */
	};
	rootObject = 347E9C9C1CC427B9004DC999 /* Project object */;
}
